// !$*UTF8*$!
{
	archiveVersion = 1;
	classes = {
	};
	objectVersion = 50;
	objects = {

/* Begin PBXBuildFile section */
		7B5E08D4207A3A860076FDD3 /* AppDelegate.swift in Sources */ = {isa = PBXBuildFile; fileRef = 7B5E08D3207A3A860076FDD3 /* AppDelegate.swift */; };
		7B5E08D6207A3A860076FDD3 /* ViewController.swift in Sources */ = {isa = PBXBuildFile; fileRef = 7B5E08D5207A3A860076FDD3 /* ViewController.swift */; };
		7B5E08D9207A3A860076FDD3 /* Main.storyboard in Resources */ = {isa = PBXBuildFile; fileRef = 7B5E08D7207A3A860076FDD3 /* Main.storyboard */; };
		7B5E08DB207A3A880076FDD3 /* Assets.xcassets in Resources */ = {isa = PBXBuildFile; fileRef = 7B5E08DA207A3A880076FDD3 /* Assets.xcassets */; };
		7B5E08DE207A3A880076FDD3 /* LaunchScreen.storyboard in Resources */ = {isa = PBXBuildFile; fileRef = 7B5E08DC207A3A880076FDD3 /* LaunchScreen.storyboard */; };
		7B5E08E9207A3A880076FDD3 /* Homework3_JZTests.swift in Sources */ = {isa = PBXBuildFile; fileRef = 7B5E08E8207A3A880076FDD3 /* Homework3_JZTests.swift */; };
		7B5E08F4207A3A880076FDD3 /* Homework3_JZUITests.swift in Sources */ = {isa = PBXBuildFile; fileRef = 7B5E08F3207A3A880076FDD3 /* Homework3_JZUITests.swift */; };
		7B5E0902207A6D3B0076FDD3 /* Message.swift in Sources */ = {isa = PBXBuildFile; fileRef = 7B5E0901207A6D3B0076FDD3 /* Message.swift */; };
/* End PBXBuildFile section */

/* Begin PBXContainerItemProxy section */
		7B5E08E5207A3A880076FDD3 /* PBXContainerItemProxy */ = {
			isa = PBXContainerItemProxy;
			containerPortal = 7B5E08C8207A3A860076FDD3 /* Project object */;
			proxyType = 1;
			remoteGlobalIDString = 7B5E08CF207A3A860076FDD3;
			remoteInfo = Homework3_JZ;
		};
		7B5E08F0207A3A880076FDD3 /* PBXContainerItemProxy */ = {
			isa = PBXContainerItemProxy;
			containerPortal = 7B5E08C8207A3A860076FDD3 /* Project object */;
			proxyType = 1;
			remoteGlobalIDString = 7B5E08CF207A3A860076FDD3;
			remoteInfo = Homework3_JZ;
		};
/* End PBXContainerItemProxy section */

/* Begin PBXFileReference section */
		7B5E08D0207A3A860076FDD3 /* Homework3_JZ.app */ = {isa = PBXFileReference; explicitFileType = wrapper.application; includeInIndex = 0; path = Homework3_JZ.app; sourceTree = BUILT_PRODUCTS_DIR; };
		7B5E08D3207A3A860076FDD3 /* AppDelegate.swift */ = {isa = PBXFileReference; lastKnownFileType = sourcecode.swift; path = AppDelegate.swift; sourceTree = "<group>"; };
		7B5E08D5207A3A860076FDD3 /* ViewController.swift */ = {isa = PBXFileReference; lastKnownFileType = sourcecode.swift; path = ViewController.swift; sourceTree = "<group>"; };
		7B5E08D8207A3A860076FDD3 /* Base */ = {isa = PBXFileReference; lastKnownFileType = file.storyboard; name = Base; path = Base.lproj/Main.storyboard; sourceTree = "<group>"; };
		7B5E08DA207A3A880076FDD3 /* Assets.xcassets */ = {isa = PBXFileReference; lastKnownFileType = folder.assetcatalog; path = Assets.xcassets; sourceTree = "<group>"; };
		7B5E08DD207A3A880076FDD3 /* Base */ = {isa = PBXFileReference; lastKnownFileType = file.storyboard; name = Base; path = Base.lproj/LaunchScreen.storyboard; sourceTree = "<group>"; };
		7B5E08DF207A3A880076FDD3 /* Info.plist */ = {isa = PBXFileReference; lastKnownFileType = text.plist.xml; path = Info.plist; sourceTree = "<group>"; };
		7B5E08E4207A3A880076FDD3 /* Homework3_JZTests.xctest */ = {isa = PBXFileReference; explicitFileType = wrapper.cfbundle; includeInIndex = 0; path = Homework3_JZTests.xctest; sourceTree = BUILT_PRODUCTS_DIR; };
		7B5E08E8207A3A880076FDD3 /* Homework3_JZTests.swift */ = {isa = PBXFileReference; lastKnownFileType = sourcecode.swift; path = Homework3_JZTests.swift; sourceTree = "<group>"; };
		7B5E08EA207A3A880076FDD3 /* Info.plist */ = {isa = PBXFileReference; lastKnownFileType = text.plist.xml; path = Info.plist; sourceTree = "<group>"; };
		7B5E08EF207A3A880076FDD3 /* Homework3_JZUITests.xctest */ = {isa = PBXFileReference; explicitFileType = wrapper.cfbundle; includeInIndex = 0; path = Homework3_JZUITests.xctest; sourceTree = BUILT_PRODUCTS_DIR; };
		7B5E08F3207A3A880076FDD3 /* Homework3_JZUITests.swift */ = {isa = PBXFileReference; lastKnownFileType = sourcecode.swift; path = Homework3_JZUITests.swift; sourceTree = "<group>"; };
		7B5E08F5207A3A880076FDD3 /* Info.plist */ = {isa = PBXFileReference; lastKnownFileType = text.plist.xml; path = Info.plist; sourceTree = "<group>"; };
		7B5E0901207A6D3B0076FDD3 /* Message.swift */ = {isa = PBXFileReference; lastKnownFileType = sourcecode.swift; path = Message.swift; sourceTree = "<group>"; };
/* End PBXFileReference section */

/* Begin PBXFrameworksBuildPhase section */
		7B5E08CD207A3A860076FDD3 /* Frameworks */ = {
			isa = PBXFrameworksBuildPhase;
			buildActionMask = 2147483647;
			files = (
			);
			runOnlyForDeploymentPostprocessing = 0;
		};
		7B5E08E1207A3A880076FDD3 /* Frameworks */ = {
			isa = PBXFrameworksBuildPhase;
			buildActionMask = 2147483647;
			files = (
			);
			runOnlyForDeploymentPostprocessing = 0;
		};
		7B5E08EC207A3A880076FDD3 /* Frameworks */ = {
			isa = PBXFrameworksBuildPhase;
			buildActionMask = 2147483647;
			files = (
			);
			runOnlyForDeploymentPostprocessing = 0;
		};
/* End PBXFrameworksBuildPhase section */

/* Begin PBXGroup section */
		7B5E08C7207A3A860076FDD3 = {
			isa = PBXGroup;
			children = (
				7B5E08D2207A3A860076FDD3 /* Homework3_JZ */,
				7B5E08E7207A3A880076FDD3 /* Homework3_JZTests */,
				7B5E08F2207A3A880076FDD3 /* Homework3_JZUITests */,
				7B5E08D1207A3A860076FDD3 /* Products */,
			);
			sourceTree = "<group>";
		};
		7B5E08D1207A3A860076FDD3 /* Products */ = {
			isa = PBXGroup;
			children = (
				7B5E08D0207A3A860076FDD3 /* Homework3_JZ.app */,
				7B5E08E4207A3A880076FDD3 /* Homework3_JZTests.xctest */,
				7B5E08EF207A3A880076FDD3 /* Homework3_JZUITests.xctest */,
			);
			name = Products;
			sourceTree = "<group>";
		};
		7B5E08D2207A3A860076FDD3 /* Homework3_JZ */ = {
			isa = PBXGroup;
			children = (
				7B5E08D3207A3A860076FDD3 /* AppDelegate.swift */,
				7B5E08D5207A3A860076FDD3 /* ViewController.swift */,
				7B5E0901207A6D3B0076FDD3 /* Message.swift */,
				7B5E08D7207A3A860076FDD3 /* Main.storyboard */,
				7B5E08DA207A3A880076FDD3 /* Assets.xcassets */,
				7B5E08DC207A3A880076FDD3 /* LaunchScreen.storyboard */,
				7B5E08DF207A3A880076FDD3 /* Info.plist */,
			);
			path = Homework3_JZ;
			sourceTree = "<group>";
		};
		7B5E08E7207A3A880076FDD3 /* Homework3_JZTests */ = {
			isa = PBXGroup;
			children = (
				7B5E08E8207A3A880076FDD3 /* Homework3_JZTests.swift */,
				7B5E08EA207A3A880076FDD3 /* Info.plist */,
			);
			path = Homework3_JZTests;
			sourceTree = "<group>";
		};
		7B5E08F2207A3A880076FDD3 /* Homework3_JZUITests */ = {
			isa = PBXGroup;
			children = (
				7B5E08F3207A3A880076FDD3 /* Homework3_JZUITests.swift */,
				7B5E08F5207A3A880076FDD3 /* Info.plist */,
			);
			path = Homework3_JZUITests;
			sourceTree = "<group>";
		};
/* End PBXGroup section */

/* Begin PBXNativeTarget section */
		7B5E08CF207A3A860076FDD3 /* Homework3_JZ */ = {
			isa = PBXNativeTarget;
			buildConfigurationList = 7B5E08F8207A3A880076FDD3 /* Build configuration list for PBXNativeTarget "Homework3_JZ" */;
			buildPhases = (
				7B5E08CC207A3A860076FDD3 /* Sources */,
				7B5E08CD207A3A860076FDD3 /* Frameworks */,
				7B5E08CE207A3A860076FDD3 /* Resources */,
			);
			buildRules = (
			);
			dependencies = (
			);
			name = Homework3_JZ;
			productName = Homework3_JZ;
			productReference = 7B5E08D0207A3A860076FDD3 /* Homework3_JZ.app */;
			productType = "com.apple.product-type.application";
		};
		7B5E08E3207A3A880076FDD3 /* Homework3_JZTests */ = {
			isa = PBXNativeTarget;
			buildConfigurationList = 7B5E08FB207A3A880076FDD3 /* Build configuration list for PBXNativeTarget "Homework3_JZTests" */;
			buildPhases = (
				7B5E08E0207A3A880076FDD3 /* Sources */,
				7B5E08E1207A3A880076FDD3 /* Frameworks */,
				7B5E08E2207A3A880076FDD3 /* Resources */,
			);
			buildRules = (
			);
			dependencies = (
				7B5E08E6207A3A880076FDD3 /* PBXTargetDependency */,
			);
			name = Homework3_JZTests;
			productName = Homework3_JZTests;
			productReference = 7B5E08E4207A3A880076FDD3 /* Homework3_JZTests.xctest */;
			productType = "com.apple.product-type.bundle.unit-test";
		};
		7B5E08EE207A3A880076FDD3 /* Homework3_JZUITests */ = {
			isa = PBXNativeTarget;
			buildConfigurationList = 7B5E08FE207A3A880076FDD3 /* Build configuration list for PBXNativeTarget "Homework3_JZUITests" */;
			buildPhases = (
				7B5E08EB207A3A880076FDD3 /* Sources */,
				7B5E08EC207A3A880076FDD3 /* Frameworks */,
				7B5E08ED207A3A880076FDD3 /* Resources */,
			);
			buildRules = (
			);
			dependencies = (
				7B5E08F1207A3A880076FDD3 /* PBXTargetDependency */,
			);
			name = Homework3_JZUITests;
			productName = Homework3_JZUITests;
			productReference = 7B5E08EF207A3A880076FDD3 /* Homework3_JZUITests.xctest */;
			productType = "com.apple.product-type.bundle.ui-testing";
		};
/* End PBXNativeTarget section */

/* Begin PBXProject section */
		7B5E08C8207A3A860076FDD3 /* Project object */ = {
			isa = PBXProject;
			attributes = {
				LastSwiftUpdateCheck = 0930;
				LastUpgradeCheck = 0930;
				ORGANIZATIONNAME = "Juan Zaragoza";
				TargetAttributes = {
					7B5E08CF207A3A860076FDD3 = {
						CreatedOnToolsVersion = 9.3;
					};
					7B5E08E3207A3A880076FDD3 = {
						CreatedOnToolsVersion = 9.3;
						TestTargetID = 7B5E08CF207A3A860076FDD3;
					};
					7B5E08EE207A3A880076FDD3 = {
						CreatedOnToolsVersion = 9.3;
						TestTargetID = 7B5E08CF207A3A860076FDD3;
					};
				};
			};
			buildConfigurationList = 7B5E08CB207A3A860076FDD3 /* Build configuration list for PBXProject "Homework3_JZ" */;
			compatibilityVersion = "Xcode 9.3";
			developmentRegion = en;
			hasScannedForEncodings = 0;
			knownRegions = (
				en,
				Base,
			);
			mainGroup = 7B5E08C7207A3A860076FDD3;
			productRefGroup = 7B5E08D1207A3A860076FDD3 /* Products */;
			projectDirPath = "";
			projectRoot = "";
			targets = (
				7B5E08CF207A3A860076FDD3 /* Homework3_JZ */,
				7B5E08E3207A3A880076FDD3 /* Homework3_JZTests */,
				7B5E08EE207A3A880076FDD3 /* Homework3_JZUITests */,
			);
		};
/* End PBXProject section */

/* Begin PBXResourcesBuildPhase section */
		7B5E08CE207A3A860076FDD3 /* Resources */ = {
			isa = PBXResourcesBuildPhase;
			buildActionMask = 2147483647;
			files = (
				7B5E08DE207A3A880076FDD3 /* LaunchScreen.storyboard in Resources */,
				7B5E08DB207A3A880076FDD3 /* Assets.xcassets in Resources */,
				7B5E08D9207A3A860076FDD3 /* Main.storyboard in Resources */,
			);
			runOnlyForDeploymentPostprocessing = 0;
		};
		7B5E08E2207A3A880076FDD3 /* Resources */ = {
			isa = PBXResourcesBuildPhase;
			buildActionMask = 2147483647;
			files = (
			);
			runOnlyForDeploymentPostprocessing = 0;
		};
		7B5E08ED207A3A880076FDD3 /* Resources */ = {
			isa = PBXResourcesBuildPhase;
			buildActionMask = 2147483647;
			files = (
			);
			runOnlyForDeploymentPostprocessing = 0;
		};
/* End PBXResourcesBuildPhase section */

/* Begin PBXSourcesBuildPhase section */
		7B5E08CC207A3A860076FDD3 /* Sources */ = {
			isa = PBXSourcesBuildPhase;
			buildActionMask = 2147483647;
			files = (
				7B5E0902207A6D3B0076FDD3 /* Message.swift in Sources */,
				7B5E08D6207A3A860076FDD3 /* ViewController.swift in Sources */,
				7B5E08D4207A3A860076FDD3 /* AppDelegate.swift in Sources */,
			);
			runOnlyForDeploymentPostprocessing = 0;
		};
		7B5E08E0207A3A880076FDD3 /* Sources */ = {
			isa = PBXSourcesBuildPhase;
			buildActionMask = 2147483647;
			files = (
				7B5E08E9207A3A880076FDD3 /* Homework3_JZTests.swift in Sources */,
			);
			runOnlyForDeploymentPostprocessing = 0;
		};
		7B5E08EB207A3A880076FDD3 /* Sources */ = {
			isa = PBXSourcesBuildPhase;
			buildActionMask = 2147483647;
			files = (
				7B5E08F4207A3A880076FDD3 /* Homework3_JZUITests.swift in Sources */,
			);
			runOnlyForDeploymentPostprocessing = 0;
		};
/* End PBXSourcesBuildPhase section */

/* Begin PBXTargetDependency section */
		7B5E08E6207A3A880076FDD3 /* PBXTargetDependency */ = {
			isa = PBXTargetDependency;
			target = 7B5E08CF207A3A860076FDD3 /* Homework3_JZ */;
			targetProxy = 7B5E08E5207A3A880076FDD3 /* PBXContainerItemProxy */;
		};
		7B5E08F1207A3A880076FDD3 /* PBXTargetDependency */ = {
			isa = PBXTargetDependency;
			target = 7B5E08CF207A3A860076FDD3 /* Homework3_JZ */;
			targetProxy = 7B5E08F0207A3A880076FDD3 /* PBXContainerItemProxy */;
		};
/* End PBXTargetDependency section */

/* Begin PBXVariantGroup section */
		7B5E08D7207A3A860076FDD3 /* Main.storyboard */ = {
			isa = PBXVariantGroup;
			children = (
				7B5E08D8207A3A860076FDD3 /* Base */,
			);
			name = Main.storyboard;
			sourceTree = "<group>";
		};
		7B5E08DC207A3A880076FDD3 /* LaunchScreen.storyboard */ = {
			isa = PBXVariantGroup;
			children = (
				7B5E08DD207A3A880076FDD3 /* Base */,
			);
			name = LaunchScreen.storyboard;
			sourceTree = "<group>";
		};
/* End PBXVariantGroup section */

/* Begin XCBuildConfiguration section */
		7B5E08F6207A3A880076FDD3 /* Debug */ = {
			isa = XCBuildConfiguration;
			buildSettings = {
				ALWAYS_SEARCH_USER_PATHS = NO;
				CLANG_ANALYZER_NONNULL = YES;
				CLANG_ANALYZER_NUMBER_OBJECT_CONVERSION = YES_AGGRESSIVE;
				CLANG_CXX_LANGUAGE_STANDARD = "gnu++14";
				CLANG_CXX_LIBRARY = "libc++";
				CLANG_ENABLE_MODULES = YES;
				CLANG_ENABLE_OBJC_ARC = YES;
				CLANG_ENABLE_OBJC_WEAK = YES;
				CLANG_WARN_BLOCK_CAPTURE_AUTORELEASING = YES;
				CLANG_WARN_BOOL_CONVERSION = YES;
				CLANG_WARN_COMMA = YES;
				CLANG_WARN_CONSTANT_CONVERSION = YES;
				CLANG_WARN_DEPRECATED_OBJC_IMPLEMENTATIONS = YES;
				CLANG_WARN_DIRECT_OBJC_ISA_USAGE = YES_ERROR;
				CLANG_WARN_DOCUMENTATION_COMMENTS = YES;
				CLANG_WARN_EMPTY_BODY = YES;
				CLANG_WARN_ENUM_CONVERSION = YES;
				CLANG_WARN_INFINITE_RECURSION = YES;
				CLANG_WARN_INT_CONVERSION = YES;
				CLANG_WARN_NON_LITERAL_NULL_CONVERSION = YES;
				CLANG_WARN_OBJC_IMPLICIT_RETAIN_SELF = YES;
				CLANG_WARN_OBJC_LITERAL_CONVERSION = YES;
				CLANG_WARN_OBJC_ROOT_CLASS = YES_ERROR;
				CLANG_WARN_RANGE_LOOP_ANALYSIS = YES;
				CLANG_WARN_STRICT_PROTOTYPES = YES;
				CLANG_WARN_SUSPICIOUS_MOVE = YES;
				CLANG_WARN_UNGUARDED_AVAILABILITY = YES_AGGRESSIVE;
				CLANG_WARN_UNREACHABLE_CODE = YES;
				CLANG_WARN__DUPLICATE_METHOD_MATCH = YES;
				CODE_SIGN_IDENTITY = "iPhone Developer";
				COPY_PHASE_STRIP = NO;
				DEBUG_INFORMATION_FORMAT = dwarf;
				ENABLE_STRICT_OBJC_MSGSEND = YES;
				ENABLE_TESTABILITY = YES;
				GCC_C_LANGUAGE_STANDARD = gnu11;
				GCC_DYNAMIC_NO_PIC = NO;
				GCC_NO_COMMON_BLOCKS = YES;
				GCC_OPTIMIZATION_LEVEL = 0;
				GCC_PREPROCESSOR_DEFINITIONS = (
					"DEBUG=1",
					"$(inherited)",
				);
				GCC_WARN_64_TO_32_BIT_CONVERSION = YES;
				GCC_WARN_ABOUT_RETURN_TYPE = YES_ERROR;
				GCC_WARN_UNDECLARED_SELECTOR = YES;
				GCC_WARN_UNINITIALIZED_AUTOS = YES_AGGRESSIVE;
				GCC_WARN_UNUSED_FUNCTION = YES;
				GCC_WARN_UNUSED_VARIABLE = YES;
				IPHONEOS_DEPLOYMENT_TARGET = 10.0;
				MTL_ENABLE_DEBUG_INFO = YES;
				ONLY_ACTIVE_ARCH = YES;
				SDKROOT = iphoneos;
				SWIFT_ACTIVE_COMPILATION_CONDITIONS = DEBUG;
				SWIFT_OPTIMIZATION_LEVEL = "-Onone";
			};
			name = Debug;
		};
		7B5E08F7207A3A880076FDD3 /* Release */ = {
			isa = XCBuildConfiguration;
			buildSettings = {
				ALWAYS_SEARCH_USER_PATHS = NO;
				CLANG_ANALYZER_NONNULL = YES;
				CLANG_ANALYZER_NUMBER_OBJECT_CONVERSION = YES_AGGRESSIVE;
				CLANG_CXX_LANGUAGE_STANDARD = "gnu++14";
				CLANG_CXX_LIBRARY = "libc++";
				CLANG_ENABLE_MODULES = YES;
				CLANG_ENABLE_OBJC_ARC = YES;
				CLANG_ENABLE_OBJC_WEAK = YES;
				CLANG_WARN_BLOCK_CAPTURE_AUTORELEASING = YES;
				CLANG_WARN_BOOL_CONVERSION = YES;
				CLANG_WARN_COMMA = YES;
				CLANG_WARN_CONSTANT_CONVERSION = YES;
				CLANG_WARN_DEPRECATED_OBJC_IMPLEMENTATIONS = YES;
				CLANG_WARN_DIRECT_OBJC_ISA_USAGE = YES_ERROR;
				CLANG_WARN_DOCUMENTATION_COMMENTS = YES;
				CLANG_WARN_EMPTY_BODY = YES;
				CLANG_WARN_ENUM_CONVERSION = YES;
				CLANG_WARN_INFINITE_RECURSION = YES;
				CLANG_WARN_INT_CONVERSION = YES;
				CLANG_WARN_NON_LITERAL_NULL_CONVERSION = YES;
				CLANG_WARN_OBJC_IMPLICIT_RETAIN_SELF = YES;
				CLANG_WARN_OBJC_LITERAL_CONVERSION = YES;
				CLANG_WARN_OBJC_ROOT_CLASS = YES_ERROR;
				CLANG_WARN_RANGE_LOOP_ANALYSIS = YES;
				CLANG_WARN_STRICT_PROTOTYPES = YES;
				CLANG_WARN_SUSPICIOUS_MOVE = YES;
				CLANG_WARN_UNGUARDED_AVAILABILITY = YES_AGGRESSIVE;
				CLANG_WARN_UNREACHABLE_CODE = YES;
				CLANG_WARN__DUPLICATE_METHOD_MATCH = YES;
				CODE_SIGN_IDENTITY = "iPhone Developer";
				COPY_PHASE_STRIP = NO;
				DEBUG_INFORMATION_FORMAT = "dwarf-with-dsym";
				ENABLE_NS_ASSERTIONS = NO;
				ENABLE_STRICT_OBJC_MSGSEND = YES;
				GCC_C_LANGUAGE_STANDARD = gnu11;
				GCC_NO_COMMON_BLOCKS = YES;
				GCC_WARN_64_TO_32_BIT_CONVERSION = YES;
				GCC_WARN_ABOUT_RETURN_TYPE = YES_ERROR;
				GCC_WARN_UNDECLARED_SELECTOR = YES;
				GCC_WARN_UNINITIALIZED_AUTOS = YES_AGGRESSIVE;
				GCC_WARN_UNUSED_FUNCTION = YES;
				GCC_WARN_UNUSED_VARIABLE = YES;
				IPHONEOS_DEPLOYMENT_TARGET = 10.0;
				MTL_ENABLE_DEBUG_INFO = NO;
				SDKROOT = iphoneos;
				SWIFT_COMPILATION_MODE = wholemodule;
				SWIFT_OPTIMIZATION_LEVEL = "-O";
				VALIDATE_PRODUCT = YES;
			};
			name = Release;
		};
		7B5E08F9207A3A880076FDD3 /* Debug */ = {
			isa = XCBuildConfiguration;
			buildSettings = {
				ASSETCATALOG_COMPILER_APPICON_NAME = AppIcon;
				CODE_SIGN_STYLE = Automatic;
				DEVELOPMENT_TEAM = QH5MNV6ZSD;
				INFOPLIST_FILE = Homework3_JZ/Info.plist;
				LD_RUNPATH_SEARCH_PATHS = (
					"$(inherited)",
					"@executable_path/Frameworks",
				);
				PRODUCT_BUNDLE_IDENTIFIER = "com.JGZB.Homework3-JZ";
				PRODUCT_NAME = "$(TARGET_NAME)";
				SWIFT_VERSION = 4.0;
				TARGETED_DEVICE_FAMILY = "1,2";
			};
			name = Debug;
		};
		7B5E08FA207A3A880076FDD3 /* Release */ = {
			isa = XCBuildConfiguration;
			buildSettings = {
				ASSETCATALOG_COMPILER_APPICON_NAME = AppIcon;
				CODE_SIGN_STYLE = Automatic;
				DEVELOPMENT_TEAM = QH5MNV6ZSD;
				INFOPLIST_FILE = Homework3_JZ/Info.plist;
				LD_RUNPATH_SEARCH_PATHS = (
					"$(inherited)",
					"@executable_path/Frameworks",
				);
				PRODUCT_BUNDLE_IDENTIFIER = "com.JGZB.Homework3-JZ";
				PRODUCT_NAME = "$(TARGET_NAME)";
				SWIFT_VERSION = 4.0;
				TARGETED_DEVICE_FAMILY = "1,2";
			};
			name = Release;
		};
		7B5E08FC207A3A880076FDD3 /* Debug */ = {
			isa = XCBuildConfiguration;
			buildSettings = {
				ALWAYS_EMBED_SWIFT_STANDARD_LIBRARIES = YES;
				BUNDLE_LOADER = "$(TEST_HOST)";
				CODE_SIGN_STYLE = Automatic;
				DEVELOPMENT_TEAM = QH5MNV6ZSD;
				INFOPLIST_FILE = Homework3_JZTests/Info.plist;
				LD_RUNPATH_SEARCH_PATHS = (
					"$(inherited)",
					"@executable_path/Frameworks",
					"@loader_path/Frameworks",
				);
				PRODUCT_BUNDLE_IDENTIFIER = "com.JGZB.Homework3-JZTests";
				PRODUCT_NAME = "$(TARGET_NAME)";
				SWIFT_VERSION = 4.0;
				TARGETED_DEVICE_FAMILY = "1,2";
				TEST_HOST = "$(BUILT_PRODUCTS_DIR)/Homework3_JZ.app/Homework3_JZ";
			};
			name = Debug;
		};
		7B5E08FD207A3A880076FDD3 /* Release */ = {
			isa = XCBuildConfiguration;
			buildSettings = {
				ALWAYS_EMBED_SWIFT_STANDARD_LIBRARIES = YES;
				BUNDLE_LOADER = "$(TEST_HOST)";
				CODE_SIGN_STYLE = Automatic;
				DEVELOPMENT_TEAM = QH5MNV6ZSD;
				INFOPLIST_FILE = Homework3_JZTests/Info.plist;
				LD_RUNPATH_SEARCH_PATHS = (
					"$(inherited)",
					"@executable_path/Frameworks",
					"@loader_path/Frameworks",
				);
				PRODUCT_BUNDLE_IDENTIFIER = "com.JGZB.Homework3-JZTests";
				PRODUCT_NAME = "$(TARGET_NAME)";
				SWIFT_VERSION = 4.0;
				TARGETED_DEVICE_FAMILY = "1,2";
				TEST_HOST = "$(BUILT_PRODUCTS_DIR)/Homework3_JZ.app/Homework3_JZ";
			};
			name = Release;
		};
		7B5E08FF207A3A880076FDD3 /* Debug */ = {
			isa = XCBuildConfiguration;
			buildSettings = {
				ALWAYS_EMBED_SWIFT_STANDARD_LIBRARIES = YES;
				CODE_SIGN_STYLE = Automatic;
				DEVELOPMENT_TEAM = QH5MNV6ZSD;
				INFOPLIST_FILE = Homework3_JZUITests/Info.plist;
				LD_RUNPATH_SEARCH_PATHS = (
					"$(inherited)",
					"@executable_path/Frameworks",
					"@loader_path/Frameworks",
				);
				PRODUCT_BUNDLE_IDENTIFIER = "com.JGZB.Homework3-JZUITests";
				PRODUCT_NAME = "$(TARGET_NAME)";
				SWIFT_VERSION = 4.0;
				TARGETED_DEVICE_FAMILY = "1,2";
				TEST_TARGET_NAME = Homework3_JZ;
			};
			name = Debug;
		};
		7B5E0900207A3A880076FDD3 /* Release */ = {
			isa = XCBuildConfiguration;
			buildSettings = {
				ALWAYS_EMBED_SWIFT_STANDARD_LIBRARIES = YES;
				CODE_SIGN_STYLE = Automatic;
				DEVELOPMENT_TEAM = QH5MNV6ZSD;
				INFOPLIST_FILE = Homework3_JZUITests/Info.plist;
				LD_RUNPATH_SEARCH_PATHS = (
					"$(inherited)",
					"@executable_path/Frameworks",
					"@loader_path/Frameworks",
				);
				PRODUCT_BUNDLE_IDENTIFIER = "com.JGZB.Homework3-JZUITests";
				PRODUCT_NAME = "$(TARGET_NAME)";
				SWIFT_VERSION = 4.0;
				TARGETED_DEVICE_FAMILY = "1,2";
				TEST_TARGET_NAME = Homework3_JZ;
			};
			name = Release;
		};
/* End XCBuildConfiguration section */

/* Begin XCConfigurationList section */
		7B5E08CB207A3A860076FDD3 /* Build configuration list for PBXProject "Homework3_JZ" */ = {
			isa = XCConfigurationList;
			buildConfigurations = (
				7B5E08F6207A3A880076FDD3 /* Debug */,
				7B5E08F7207A3A880076FDD3 /* Release */,
			);
			defaultConfigurationIsVisible = 0;
			defaultConfigurationName = Release;
		};
		7B5E08F8207A3A880076FDD3 /* Build configuration list for PBXNativeTarget "Homework3_JZ" */ = {
			isa = XCConfigurationList;
			buildConfigurations = (
				7B5E08F9207A3A880076FDD3 /* Debug */,
				7B5E08FA207A3A880076FDD3 /* Release */,
			);
			defaultConfigurationIsVisible = 0;
			defaultConfigurationName = Release;
		};
		7B5E08FB207A3A880076FDD3 /* Build configuration list for PBXNativeTarget "Homework3_JZTests" */ = {
			isa = XCConfigurationList;
			buildConfigurations = (
				7B5E08FC207A3A880076FDD3 /* Debug */,
				7B5E08FD207A3A880076FDD3 /* Release */,
			);
			defaultConfigurationIsVisible = 0;
			defaultConfigurationName = Release;
		};
		7B5E08FE207A3A880076FDD3 /* Build configuration list for PBXNativeTarget "Homework3_JZUITests" */ = {
			isa = XCConfigurationList;
			buildConfigurations = (
				7B5E08FF207A3A880076FDD3 /* Debug */,
				7B5E0900207A3A880076FDD3 /* Release */,
			);
			defaultConfigurationIsVisible = 0;
			defaultConfigurationName = Release;
		};
/* End XCConfigurationList section */
	};
	rootObject = 7B5E08C8207A3A860076FDD3 /* Project object */;
}
